// !$*UTF8*$!
{
	archiveVersion = 1;
	classes = {
	};
	objectVersion = 56;
	objects = {

/* Begin PBXBuildFile section */
		A889E8AE29A8AC1700D0C6B7 /* PeriodDetailView.swift in Sources */ = {isa = PBXBuildFile; fileRef = A889E8AD29A8AC1700D0C6B7 /* PeriodDetailView.swift */; };
		A889E8B029A8AD3300D0C6B7 /* PeriodDetailViewModel.swift in Sources */ = {isa = PBXBuildFile; fileRef = A889E8AF29A8AD3300D0C6B7 /* PeriodDetailViewModel.swift */; };
		A889E8B729A8ADC200D0C6B7 /* Entry+CoreDataClass.swift in Sources */ = {isa = PBXBuildFile; fileRef = A889E8B529A8ADC200D0C6B7 /* Entry+CoreDataClass.swift */; };
		A889E8B829A8ADC200D0C6B7 /* Entry+CoreDataProperties.swift in Sources */ = {isa = PBXBuildFile; fileRef = A889E8B629A8ADC200D0C6B7 /* Entry+CoreDataProperties.swift */; };
		A889E8BB29A8ADED00D0C6B7 /* Period+CoreDataClass.swift in Sources */ = {isa = PBXBuildFile; fileRef = A889E8B929A8ADED00D0C6B7 /* Period+CoreDataClass.swift */; };
		A889E8BC29A8ADED00D0C6B7 /* Period+CoreDataProperties.swift in Sources */ = {isa = PBXBuildFile; fileRef = A889E8BA29A8ADED00D0C6B7 /* Period+CoreDataProperties.swift */; };
		A8B6441F29A7C01200D1E349 /* ZaehlerApp.swift in Sources */ = {isa = PBXBuildFile; fileRef = A8B6441E29A7C01200D1E349 /* ZaehlerApp.swift */; };
		A8B6442329A7C01300D1E349 /* Assets.xcassets in Resources */ = {isa = PBXBuildFile; fileRef = A8B6442229A7C01300D1E349 /* Assets.xcassets */; };
		A8B6442629A7C01300D1E349 /* Preview Assets.xcassets in Resources */ = {isa = PBXBuildFile; fileRef = A8B6442529A7C01300D1E349 /* Preview Assets.xcassets */; };
		A8B6442829A7C01300D1E349 /* Persistence.swift in Sources */ = {isa = PBXBuildFile; fileRef = A8B6442729A7C01300D1E349 /* Persistence.swift */; };
		A8B6442B29A7C01300D1E349 /* Zaehler.xcdatamodeld in Sources */ = {isa = PBXBuildFile; fileRef = A8B6442929A7C01300D1E349 /* Zaehler.xcdatamodeld */; };
		A8B6443629A7C11100D1E349 /* MeterListView.swift in Sources */ = {isa = PBXBuildFile; fileRef = A8B6443529A7C11100D1E349 /* MeterListView.swift */; };
		A8B6443829A7C11A00D1E349 /* MeterCardView.swift in Sources */ = {isa = PBXBuildFile; fileRef = A8B6443729A7C11A00D1E349 /* MeterCardView.swift */; };
		A8B6443A29A7C12800D1E349 /* AddMeterView.swift in Sources */ = {isa = PBXBuildFile; fileRef = A8B6443929A7C12800D1E349 /* AddMeterView.swift */; };
		A8B6444129A7C19800D1E349 /* Meter+CoreDataClass.swift in Sources */ = {isa = PBXBuildFile; fileRef = A8B6443D29A7C19800D1E349 /* Meter+CoreDataClass.swift */; };
		A8B6444229A7C19800D1E349 /* Meter+CoreDataProperties.swift in Sources */ = {isa = PBXBuildFile; fileRef = A8B6443E29A7C19800D1E349 /* Meter+CoreDataProperties.swift */; };
		A8B6444429A7C34D00D1E349 /* AddMeterViewModel.swift in Sources */ = {isa = PBXBuildFile; fileRef = A8B6444329A7C34D00D1E349 /* AddMeterViewModel.swift */; };
		A8B6444629A7C67C00D1E349 /* PeriodListView.swift in Sources */ = {isa = PBXBuildFile; fileRef = A8B6444529A7C67C00D1E349 /* PeriodListView.swift */; };
		A8B6444829A7C78900D1E349 /* PeriodListViewModel.swift in Sources */ = {isa = PBXBuildFile; fileRef = A8B6444729A7C78900D1E349 /* PeriodListViewModel.swift */; };
		A8B6444D29A88A5600D1E349 /* AddPeriodView.swift in Sources */ = {isa = PBXBuildFile; fileRef = A8B6444C29A88A5600D1E349 /* AddPeriodView.swift */; };
		A8B6444F29A88A9C00D1E349 /* AddPeriodViewModel.swift in Sources */ = {isa = PBXBuildFile; fileRef = A8B6444E29A88A9C00D1E349 /* AddPeriodViewModel.swift */; };
/* End PBXBuildFile section */

/* Begin PBXFileReference section */
		A889E8AD29A8AC1700D0C6B7 /* PeriodDetailView.swift */ = {isa = PBXFileReference; lastKnownFileType = sourcecode.swift; path = PeriodDetailView.swift; sourceTree = "<group>"; };
		A889E8AF29A8AD3300D0C6B7 /* PeriodDetailViewModel.swift */ = {isa = PBXFileReference; lastKnownFileType = sourcecode.swift; path = PeriodDetailViewModel.swift; sourceTree = "<group>"; };
		A889E8B529A8ADC200D0C6B7 /* Entry+CoreDataClass.swift */ = {isa = PBXFileReference; lastKnownFileType = sourcecode.swift; path = "Entry+CoreDataClass.swift"; sourceTree = "<group>"; };
		A889E8B629A8ADC200D0C6B7 /* Entry+CoreDataProperties.swift */ = {isa = PBXFileReference; lastKnownFileType = sourcecode.swift; path = "Entry+CoreDataProperties.swift"; sourceTree = "<group>"; };
		A889E8B929A8ADED00D0C6B7 /* Period+CoreDataClass.swift */ = {isa = PBXFileReference; lastKnownFileType = sourcecode.swift; path = "Period+CoreDataClass.swift"; sourceTree = "<group>"; };
		A889E8BA29A8ADED00D0C6B7 /* Period+CoreDataProperties.swift */ = {isa = PBXFileReference; lastKnownFileType = sourcecode.swift; path = "Period+CoreDataProperties.swift"; sourceTree = "<group>"; };
		A8B6441B29A7C01200D1E349 /* Zaehler.app */ = {isa = PBXFileReference; explicitFileType = wrapper.application; includeInIndex = 0; path = Zaehler.app; sourceTree = BUILT_PRODUCTS_DIR; };
		A8B6441E29A7C01200D1E349 /* ZaehlerApp.swift */ = {isa = PBXFileReference; lastKnownFileType = sourcecode.swift; path = ZaehlerApp.swift; sourceTree = "<group>"; };
		A8B6442229A7C01300D1E349 /* Assets.xcassets */ = {isa = PBXFileReference; lastKnownFileType = folder.assetcatalog; path = Assets.xcassets; sourceTree = "<group>"; };
		A8B6442529A7C01300D1E349 /* Preview Assets.xcassets */ = {isa = PBXFileReference; lastKnownFileType = folder.assetcatalog; path = "Preview Assets.xcassets"; sourceTree = "<group>"; };
		A8B6442729A7C01300D1E349 /* Persistence.swift */ = {isa = PBXFileReference; lastKnownFileType = sourcecode.swift; path = Persistence.swift; sourceTree = "<group>"; };
		A8B6442A29A7C01300D1E349 /* Zaehler.xcdatamodel */ = {isa = PBXFileReference; lastKnownFileType = wrapper.xcdatamodel; path = Zaehler.xcdatamodel; sourceTree = "<group>"; };
		A8B6442C29A7C01300D1E349 /* Info.plist */ = {isa = PBXFileReference; lastKnownFileType = text.plist.xml; path = Info.plist; sourceTree = "<group>"; };
		A8B6443529A7C11100D1E349 /* MeterListView.swift */ = {isa = PBXFileReference; lastKnownFileType = sourcecode.swift; path = MeterListView.swift; sourceTree = "<group>"; };
		A8B6443729A7C11A00D1E349 /* MeterCardView.swift */ = {isa = PBXFileReference; lastKnownFileType = sourcecode.swift; path = MeterCardView.swift; sourceTree = "<group>"; };
		A8B6443929A7C12800D1E349 /* AddMeterView.swift */ = {isa = PBXFileReference; lastKnownFileType = sourcecode.swift; path = AddMeterView.swift; sourceTree = "<group>"; };
		A8B6443D29A7C19800D1E349 /* Meter+CoreDataClass.swift */ = {isa = PBXFileReference; lastKnownFileType = sourcecode.swift; path = "Meter+CoreDataClass.swift"; sourceTree = "<group>"; };
		A8B6443E29A7C19800D1E349 /* Meter+CoreDataProperties.swift */ = {isa = PBXFileReference; lastKnownFileType = sourcecode.swift; path = "Meter+CoreDataProperties.swift"; sourceTree = "<group>"; };
		A8B6444329A7C34D00D1E349 /* AddMeterViewModel.swift */ = {isa = PBXFileReference; lastKnownFileType = sourcecode.swift; path = AddMeterViewModel.swift; sourceTree = "<group>"; };
		A8B6444529A7C67C00D1E349 /* PeriodListView.swift */ = {isa = PBXFileReference; lastKnownFileType = sourcecode.swift; path = PeriodListView.swift; sourceTree = "<group>"; };
		A8B6444729A7C78900D1E349 /* PeriodListViewModel.swift */ = {isa = PBXFileReference; lastKnownFileType = sourcecode.swift; path = PeriodListViewModel.swift; sourceTree = "<group>"; };
		A8B6444C29A88A5600D1E349 /* AddPeriodView.swift */ = {isa = PBXFileReference; lastKnownFileType = sourcecode.swift; path = AddPeriodView.swift; sourceTree = "<group>"; };
		A8B6444E29A88A9C00D1E349 /* AddPeriodViewModel.swift */ = {isa = PBXFileReference; lastKnownFileType = sourcecode.swift; path = AddPeriodViewModel.swift; sourceTree = "<group>"; };
/* End PBXFileReference section */

/* Begin PBXFrameworksBuildPhase section */
		A8B6441829A7C01200D1E349 /* Frameworks */ = {
			isa = PBXFrameworksBuildPhase;
			buildActionMask = 2147483647;
			files = (
			);
			runOnlyForDeploymentPostprocessing = 0;
		};
/* End PBXFrameworksBuildPhase section */

/* Begin PBXGroup section */
		A8B6441229A7C01200D1E349 = {
			isa = PBXGroup;
			children = (
				A8B6441D29A7C01200D1E349 /* Zaehler */,
				A8B6441C29A7C01200D1E349 /* Products */,
			);
			sourceTree = "<group>";
		};
		A8B6441C29A7C01200D1E349 /* Products */ = {
			isa = PBXGroup;
			children = (
				A8B6441B29A7C01200D1E349 /* Zaehler.app */,
			);
			name = Products;
			sourceTree = "<group>";
		};
		A8B6441D29A7C01200D1E349 /* Zaehler */ = {
			isa = PBXGroup;
			children = (
				A8B6443429A7C10200D1E349 /* Models */,
				A8B6443329A7C0FC00D1E349 /* ViewModels */,
				A8B6443229A7C0F800D1E349 /* Views */,
				A8B6441E29A7C01200D1E349 /* ZaehlerApp.swift */,
				A8B6442229A7C01300D1E349 /* Assets.xcassets */,
				A8B6442729A7C01300D1E349 /* Persistence.swift */,
				A8B6442C29A7C01300D1E349 /* Info.plist */,
				A8B6442929A7C01300D1E349 /* Zaehler.xcdatamodeld */,
				A8B6442429A7C01300D1E349 /* Preview Content */,
			);
			path = Zaehler;
			sourceTree = "<group>";
		};
		A8B6442429A7C01300D1E349 /* Preview Content */ = {
			isa = PBXGroup;
			children = (
				A8B6442529A7C01300D1E349 /* Preview Assets.xcassets */,
			);
			path = "Preview Content";
			sourceTree = "<group>";
		};
		A8B6443229A7C0F800D1E349 /* Views */ = {
			isa = PBXGroup;
			children = (
				A8B6444B29A8894000D1E349 /* Components */,
				A8B6443529A7C11100D1E349 /* MeterListView.swift */,
				A8B6443729A7C11A00D1E349 /* MeterCardView.swift */,
				A8B6443929A7C12800D1E349 /* AddMeterView.swift */,
				A8B6444529A7C67C00D1E349 /* PeriodListView.swift */,
				A8B6444C29A88A5600D1E349 /* AddPeriodView.swift */,
				A889E8AD29A8AC1700D0C6B7 /* PeriodDetailView.swift */,
			);
			path = Views;
			sourceTree = "<group>";
		};
		A8B6443329A7C0FC00D1E349 /* ViewModels */ = {
			isa = PBXGroup;
			children = (
				A8B6444329A7C34D00D1E349 /* AddMeterViewModel.swift */,
				A8B6444729A7C78900D1E349 /* PeriodListViewModel.swift */,
				A8B6444E29A88A9C00D1E349 /* AddPeriodViewModel.swift */,
				A889E8AF29A8AD3300D0C6B7 /* PeriodDetailViewModel.swift */,
			);
			path = ViewModels;
			sourceTree = "<group>";
		};
		A8B6443429A7C10200D1E349 /* Models */ = {
			isa = PBXGroup;
			children = (
				A889E8B929A8ADED00D0C6B7 /* Period+CoreDataClass.swift */,
				A889E8BA29A8ADED00D0C6B7 /* Period+CoreDataProperties.swift */,
				A889E8B529A8ADC200D0C6B7 /* Entry+CoreDataClass.swift */,
				A889E8B629A8ADC200D0C6B7 /* Entry+CoreDataProperties.swift */,
				A8B6443D29A7C19800D1E349 /* Meter+CoreDataClass.swift */,
				A8B6443E29A7C19800D1E349 /* Meter+CoreDataProperties.swift */,
			);
			path = Models;
			sourceTree = "<group>";
		};
		A8B6444B29A8894000D1E349 /* Components */ = {
			isa = PBXGroup;
			children = (
			);
			path = Components;
			sourceTree = "<group>";
		};
/* End PBXGroup section */

/* Begin PBXNativeTarget section */
		A8B6441A29A7C01200D1E349 /* Zaehler */ = {
			isa = PBXNativeTarget;
			buildConfigurationList = A8B6442F29A7C01300D1E349 /* Build configuration list for PBXNativeTarget "Zaehler" */;
			buildPhases = (
				A8B6441729A7C01200D1E349 /* Sources */,
				A8B6441829A7C01200D1E349 /* Frameworks */,
				A8B6441929A7C01200D1E349 /* Resources */,
			);
			buildRules = (
			);
			dependencies = (
			);
			name = Zaehler;
			productName = Zaehler;
			productReference = A8B6441B29A7C01200D1E349 /* Zaehler.app */;
			productType = "com.apple.product-type.application";
		};
/* End PBXNativeTarget section */

/* Begin PBXProject section */
		A8B6441329A7C01200D1E349 /* Project object */ = {
			isa = PBXProject;
			attributes = {
				BuildIndependentTargetsInParallel = 1;
				LastSwiftUpdateCheck = 1420;
				LastUpgradeCheck = 1420;
				TargetAttributes = {
					A8B6441A29A7C01200D1E349 = {
						CreatedOnToolsVersion = 14.2;
					};
				};
			};
			buildConfigurationList = A8B6441629A7C01200D1E349 /* Build configuration list for PBXProject "Zaehler" */;
			compatibilityVersion = "Xcode 14.0";
			developmentRegion = en;
			hasScannedForEncodings = 0;
			knownRegions = (
				en,
				Base,
			);
			mainGroup = A8B6441229A7C01200D1E349;
			productRefGroup = A8B6441C29A7C01200D1E349 /* Products */;
			projectDirPath = "";
			projectRoot = "";
			targets = (
				A8B6441A29A7C01200D1E349 /* Zaehler */,
			);
		};
/* End PBXProject section */

/* Begin PBXResourcesBuildPhase section */
		A8B6441929A7C01200D1E349 /* Resources */ = {
			isa = PBXResourcesBuildPhase;
			buildActionMask = 2147483647;
			files = (
				A8B6442629A7C01300D1E349 /* Preview Assets.xcassets in Resources */,
				A8B6442329A7C01300D1E349 /* Assets.xcassets in Resources */,
			);
			runOnlyForDeploymentPostprocessing = 0;
		};
/* End PBXResourcesBuildPhase section */

/* Begin PBXSourcesBuildPhase section */
		A8B6441729A7C01200D1E349 /* Sources */ = {
			isa = PBXSourcesBuildPhase;
			buildActionMask = 2147483647;
			files = (
				A889E8BB29A8ADED00D0C6B7 /* Period+CoreDataClass.swift in Sources */,
				A8B6442829A7C01300D1E349 /* Persistence.swift in Sources */,
				A8B6444829A7C78900D1E349 /* PeriodListViewModel.swift in Sources */,
				A889E8AE29A8AC1700D0C6B7 /* PeriodDetailView.swift in Sources */,
				A8B6443A29A7C12800D1E349 /* AddMeterView.swift in Sources */,
				A889E8B729A8ADC200D0C6B7 /* Entry+CoreDataClass.swift in Sources */,
				A8B6444F29A88A9C00D1E349 /* AddPeriodViewModel.swift in Sources */,
				A8B6444229A7C19800D1E349 /* Meter+CoreDataProperties.swift in Sources */,
				A8B6443629A7C11100D1E349 /* MeterListView.swift in Sources */,
				A8B6441F29A7C01200D1E349 /* ZaehlerApp.swift in Sources */,
				A8B6444129A7C19800D1E349 /* Meter+CoreDataClass.swift in Sources */,
				A8B6443829A7C11A00D1E349 /* MeterCardView.swift in Sources */,
				A8B6444629A7C67C00D1E349 /* PeriodListView.swift in Sources */,
				A889E8B029A8AD3300D0C6B7 /* PeriodDetailViewModel.swift in Sources */,
				A8B6442B29A7C01300D1E349 /* Zaehler.xcdatamodeld in Sources */,
				A889E8B829A8ADC200D0C6B7 /* Entry+CoreDataProperties.swift in Sources */,
				A8B6444429A7C34D00D1E349 /* AddMeterViewModel.swift in Sources */,
				A8B6444D29A88A5600D1E349 /* AddPeriodView.swift in Sources */,
				A889E8BC29A8ADED00D0C6B7 /* Period+CoreDataProperties.swift in Sources */,
			);
			runOnlyForDeploymentPostprocessing = 0;
		};
/* End PBXSourcesBuildPhase section */

/* Begin XCBuildConfiguration section */
		A8B6442D29A7C01300D1E349 /* Debug */ = {
			isa = XCBuildConfiguration;
			buildSettings = {
				ALWAYS_SEARCH_USER_PATHS = NO;
				CLANG_ANALYZER_NONNULL = YES;
				CLANG_ANALYZER_NUMBER_OBJECT_CONVERSION = YES_AGGRESSIVE;
				CLANG_CXX_LANGUAGE_STANDARD = "gnu++20";
				CLANG_ENABLE_MODULES = YES;
				CLANG_ENABLE_OBJC_ARC = YES;
				CLANG_ENABLE_OBJC_WEAK = YES;
				CLANG_WARN_BLOCK_CAPTURE_AUTORELEASING = YES;
				CLANG_WARN_BOOL_CONVERSION = YES;
				CLANG_WARN_COMMA = YES;
				CLANG_WARN_CONSTANT_CONVERSION = YES;
				CLANG_WARN_DEPRECATED_OBJC_IMPLEMENTATIONS = YES;
				CLANG_WARN_DIRECT_OBJC_ISA_USAGE = YES_ERROR;
				CLANG_WARN_DOCUMENTATION_COMMENTS = YES;
				CLANG_WARN_EMPTY_BODY = YES;
				CLANG_WARN_ENUM_CONVERSION = YES;
				CLANG_WARN_INFINITE_RECURSION = YES;
				CLANG_WARN_INT_CONVERSION = YES;
				CLANG_WARN_NON_LITERAL_NULL_CONVERSION = YES;
				CLANG_WARN_OBJC_IMPLICIT_RETAIN_SELF = YES;
				CLANG_WARN_OBJC_LITERAL_CONVERSION = YES;
				CLANG_WARN_OBJC_ROOT_CLASS = YES_ERROR;
				CLANG_WARN_QUOTED_INCLUDE_IN_FRAMEWORK_HEADER = YES;
				CLANG_WARN_RANGE_LOOP_ANALYSIS = YES;
				CLANG_WARN_STRICT_PROTOTYPES = YES;
				CLANG_WARN_SUSPICIOUS_MOVE = YES;
				CLANG_WARN_UNGUARDED_AVAILABILITY = YES_AGGRESSIVE;
				CLANG_WARN_UNREACHABLE_CODE = YES;
				CLANG_WARN__DUPLICATE_METHOD_MATCH = YES;
				COPY_PHASE_STRIP = NO;
				DEBUG_INFORMATION_FORMAT = dwarf;
				ENABLE_STRICT_OBJC_MSGSEND = YES;
				ENABLE_TESTABILITY = YES;
				GCC_C_LANGUAGE_STANDARD = gnu11;
				GCC_DYNAMIC_NO_PIC = NO;
				GCC_NO_COMMON_BLOCKS = YES;
				GCC_OPTIMIZATION_LEVEL = 0;
				GCC_PREPROCESSOR_DEFINITIONS = (
					"DEBUG=1",
					"$(inherited)",
				);
				GCC_WARN_64_TO_32_BIT_CONVERSION = YES;
				GCC_WARN_ABOUT_RETURN_TYPE = YES_ERROR;
				GCC_WARN_UNDECLARED_SELECTOR = YES;
				GCC_WARN_UNINITIALIZED_AUTOS = YES_AGGRESSIVE;
				GCC_WARN_UNUSED_FUNCTION = YES;
				GCC_WARN_UNUSED_VARIABLE = YES;
				IPHONEOS_DEPLOYMENT_TARGET = 16.2;
				MTL_ENABLE_DEBUG_INFO = INCLUDE_SOURCE;
				MTL_FAST_MATH = YES;
				ONLY_ACTIVE_ARCH = YES;
				SDKROOT = iphoneos;
				SWIFT_ACTIVE_COMPILATION_CONDITIONS = DEBUG;
				SWIFT_OPTIMIZATION_LEVEL = "-Onone";
			};
			name = Debug;
		};
		A8B6442E29A7C01300D1E349 /* Release */ = {
			isa = XCBuildConfiguration;
			buildSettings = {
				ALWAYS_SEARCH_USER_PATHS = NO;
				CLANG_ANALYZER_NONNULL = YES;
				CLANG_ANALYZER_NUMBER_OBJECT_CONVERSION = YES_AGGRESSIVE;
				CLANG_CXX_LANGUAGE_STANDARD = "gnu++20";
				CLANG_ENABLE_MODULES = YES;
				CLANG_ENABLE_OBJC_ARC = YES;
				CLANG_ENABLE_OBJC_WEAK = YES;
				CLANG_WARN_BLOCK_CAPTURE_AUTORELEASING = YES;
				CLANG_WARN_BOOL_CONVERSION = YES;
				CLANG_WARN_COMMA = YES;
				CLANG_WARN_CONSTANT_CONVERSION = YES;
				CLANG_WARN_DEPRECATED_OBJC_IMPLEMENTATIONS = YES;
				CLANG_WARN_DIRECT_OBJC_ISA_USAGE = YES_ERROR;
				CLANG_WARN_DOCUMENTATION_COMMENTS = YES;
				CLANG_WARN_EMPTY_BODY = YES;
				CLANG_WARN_ENUM_CONVERSION = YES;
				CLANG_WARN_INFINITE_RECURSION = YES;
				CLANG_WARN_INT_CONVERSION = YES;
				CLANG_WARN_NON_LITERAL_NULL_CONVERSION = YES;
				CLANG_WARN_OBJC_IMPLICIT_RETAIN_SELF = YES;
				CLANG_WARN_OBJC_LITERAL_CONVERSION = YES;
				CLANG_WARN_OBJC_ROOT_CLASS = YES_ERROR;
				CLANG_WARN_QUOTED_INCLUDE_IN_FRAMEWORK_HEADER = YES;
				CLANG_WARN_RANGE_LOOP_ANALYSIS = YES;
				CLANG_WARN_STRICT_PROTOTYPES = YES;
				CLANG_WARN_SUSPICIOUS_MOVE = YES;
				CLANG_WARN_UNGUARDED_AVAILABILITY = YES_AGGRESSIVE;
				CLANG_WARN_UNREACHABLE_CODE = YES;
				CLANG_WARN__DUPLICATE_METHOD_MATCH = YES;
				COPY_PHASE_STRIP = NO;
				DEBUG_INFORMATION_FORMAT = "dwarf-with-dsym";
				ENABLE_NS_ASSERTIONS = NO;
				ENABLE_STRICT_OBJC_MSGSEND = YES;
				GCC_C_LANGUAGE_STANDARD = gnu11;
				GCC_NO_COMMON_BLOCKS = YES;
				GCC_WARN_64_TO_32_BIT_CONVERSION = YES;
				GCC_WARN_ABOUT_RETURN_TYPE = YES_ERROR;
				GCC_WARN_UNDECLARED_SELECTOR = YES;
				GCC_WARN_UNINITIALIZED_AUTOS = YES_AGGRESSIVE;
				GCC_WARN_UNUSED_FUNCTION = YES;
				GCC_WARN_UNUSED_VARIABLE = YES;
				IPHONEOS_DEPLOYMENT_TARGET = 16.2;
				MTL_ENABLE_DEBUG_INFO = NO;
				MTL_FAST_MATH = YES;
				SDKROOT = iphoneos;
				SWIFT_COMPILATION_MODE = wholemodule;
				SWIFT_OPTIMIZATION_LEVEL = "-O";
				VALIDATE_PRODUCT = YES;
			};
			name = Release;
		};
		A8B6443029A7C01300D1E349 /* Debug */ = {
			isa = XCBuildConfiguration;
			buildSettings = {
				ASSETCATALOG_COMPILER_APPICON_NAME = AppIcon;
				ASSETCATALOG_COMPILER_GLOBAL_ACCENT_COLOR_NAME = AccentColor;
				CODE_SIGN_STYLE = Automatic;
				CURRENT_PROJECT_VERSION = 1;
				DEVELOPMENT_ASSET_PATHS = "\"Zaehler/Preview Content\"";
				DEVELOPMENT_TEAM = C696PR9P5C;
				ENABLE_PREVIEWS = YES;
				GENERATE_INFOPLIST_FILE = YES;
				INFOPLIST_KEY_UIApplicationSceneManifest_Generation = YES;
				INFOPLIST_KEY_UIApplicationSupportsIndirectInputEvents = YES;
				INFOPLIST_KEY_UILaunchScreen_Generation = YES;
				INFOPLIST_KEY_UISupportedInterfaceOrientations_iPad = "UIInterfaceOrientationPortrait UIInterfaceOrientationPortraitUpsideDown UIInterfaceOrientationLandscapeLeft UIInterfaceOrientationLandscapeRight";
				INFOPLIST_KEY_UISupportedInterfaceOrientations_iPhone = "UIInterfaceOrientationPortrait UIInterfaceOrientationLandscapeLeft UIInterfaceOrientationLandscapeRight";
				LD_RUNPATH_SEARCH_PATHS = (
					"$(inherited)",
					"@executable_path/Frameworks",
				);
				MARKETING_VERSION = 1.0;
				PRODUCT_BUNDLE_IDENTIFIER = tech.marquard.Zaehler;
				PRODUCT_NAME = "$(TARGET_NAME)";
				SWIFT_EMIT_LOC_STRINGS = YES;
				SWIFT_VERSION = 5.0;
				TARGETED_DEVICE_FAMILY = "1,2";
			};
			name = Debug;
		};
		A8B6443129A7C01300D1E349 /* Release */ = {
			isa = XCBuildConfiguration;
			buildSettings = {
				ASSETCATALOG_COMPILER_APPICON_NAME = AppIcon;
				ASSETCATALOG_COMPILER_GLOBAL_ACCENT_COLOR_NAME = AccentColor;
				CODE_SIGN_STYLE = Automatic;
				CURRENT_PROJECT_VERSION = 1;
				DEVELOPMENT_ASSET_PATHS = "\"Zaehler/Preview Content\"";
				DEVELOPMENT_TEAM = C696PR9P5C;
				ENABLE_PREVIEWS = YES;
				GENERATE_INFOPLIST_FILE = YES;
				INFOPLIST_KEY_UIApplicationSceneManifest_Generation = YES;
				INFOPLIST_KEY_UIApplicationSupportsIndirectInputEvents = YES;
				INFOPLIST_KEY_UILaunchScreen_Generation = YES;
				INFOPLIST_KEY_UISupportedInterfaceOrientations_iPad = "UIInterfaceOrientationPortrait UIInterfaceOrientationPortraitUpsideDown UIInterfaceOrientationLandscapeLeft UIInterfaceOrientationLandscapeRight";
				INFOPLIST_KEY_UISupportedInterfaceOrientations_iPhone = "UIInterfaceOrientationPortrait UIInterfaceOrientationLandscapeLeft UIInterfaceOrientationLandscapeRight";
				LD_RUNPATH_SEARCH_PATHS = (
					"$(inherited)",
					"@executable_path/Frameworks",
				);
				MARKETING_VERSION = 1.0;
				PRODUCT_BUNDLE_IDENTIFIER = tech.marquard.Zaehler;
				PRODUCT_NAME = "$(TARGET_NAME)";
				SWIFT_EMIT_LOC_STRINGS = YES;
				SWIFT_VERSION = 5.0;
				TARGETED_DEVICE_FAMILY = "1,2";
			};
			name = Release;
		};
/* End XCBuildConfiguration section */

/* Begin XCConfigurationList section */
		A8B6441629A7C01200D1E349 /* Build configuration list for PBXProject "Zaehler" */ = {
			isa = XCConfigurationList;
			buildConfigurations = (
				A8B6442D29A7C01300D1E349 /* Debug */,
				A8B6442E29A7C01300D1E349 /* Release */,
			);
			defaultConfigurationIsVisible = 0;
			defaultConfigurationName = Release;
		};
		A8B6442F29A7C01300D1E349 /* Build configuration list for PBXNativeTarget "Zaehler" */ = {
			isa = XCConfigurationList;
			buildConfigurations = (
				A8B6443029A7C01300D1E349 /* Debug */,
				A8B6443129A7C01300D1E349 /* Release */,
			);
			defaultConfigurationIsVisible = 0;
			defaultConfigurationName = Release;
		};
/* End XCConfigurationList section */

/* Begin XCVersionGroup section */
		A8B6442929A7C01300D1E349 /* Zaehler.xcdatamodeld */ = {
			isa = XCVersionGroup;
			children = (
				A8B6442A29A7C01300D1E349 /* Zaehler.xcdatamodel */,
			);
			currentVersion = A8B6442A29A7C01300D1E349 /* Zaehler.xcdatamodel */;
			path = Zaehler.xcdatamodeld;
			sourceTree = "<group>";
			versionGroupType = wrapper.xcdatamodel;
		};
/* End XCVersionGroup section */
	};
	rootObject = A8B6441329A7C01200D1E349 /* Project object */;
}
